
Microsoft Visual Studio Solution File, Format Version 12.00
# Visual Studio Version 17
VisualStudioVersion = 17.14.36221.1 d17.14
MinimumVisualStudioVersion = 10.0.40219.1
Project("{FAE04EC0-301F-11D3-BF4B-00C04F79EFBC}") = "Demo", "Session01OOP\Demo.csproj", "{F7AEE913-A438-472A-BE63-D4EEE79ED644}"
EndProject
Project("{FAE04EC0-301F-11D3-BF4B-00C04F79EFBC}") = "Assignment", "Assignment\Assignment.csproj", "{D07BAD10-9CA1-492C-8D31-9ED2A20384FE}"
EndProject
Global
	GlobalSection(SolutionConfigurationPlatforms) = preSolution
		Debug|Any CPU = Debug|Any CPU
		Release|Any CPU = Release|Any CPU
	EndGlobalSection
	GlobalSection(ProjectConfigurationPlatforms) = postSolution
		{F7AEE913-A438-472A-BE63-D4EEE79ED644}.Debug|Any CPU.ActiveCfg = Debug|Any CPU
		{F7AEE913-A438-472A-BE63-D4EEE79ED644}.Debug|Any CPU.Build.0 = Debug|Any CPU
		{F7AEE913-A438-472A-BE63-D4EEE79ED644}.Release|Any CPU.ActiveCfg = Release|Any CPU
		{F7AEE913-A438-472A-BE63-D4EEE79ED644}.Release|Any CPU.Build.0 = Release|Any CPU
		{D07BAD10-9CA1-492C-8D31-9ED2A20384FE}.Debug|Any CPU.ActiveCfg = Debug|Any CPU
		{D07BAD10-9CA1-492C-8D31-9ED2A20384FE}.Debug|Any CPU.Build.0 = Debug|Any CPU
		{D07BAD10-9CA1-492C-8D31-9ED2A20384FE}.Release|Any CPU.ActiveCfg = Release|Any CPU
		{D07BAD10-9CA1-492C-8D31-9ED2A20384FE}.Release|Any CPU.Build.0 = Release|Any CPU
	EndGlobalSection
	GlobalSection(SolutionProperties) = preSolution
		HideSolutionNode = FALSE
	EndGlobalSection
	GlobalSection(ExtensibilityGlobals) = postSolution
		SolutionGuid = {2C6E2BDB-76E2-4119-BDFF-28104B1F01B9}
	EndGlobalSection
EndGlobal
